{
    "version": 3,
    "terraform_version": "0.11.13",
    "serial": 29,
    "lineage": "5f1fcb96-0fdf-4aa5-924a-4e56e29c042b",
    "modules": [
        {
            "path": [
                "root"
            ],
            "outputs": {},
            "resources": {
                "google_compute_instance.minion-solt-.0": {
                    "type": "google_compute_instance",
                    "depends_on": [],
                    "primary": {
                        "id": "minion-solt-0",
                        "attributes": {
                            "attached_disk.#": "0",
                            "boot_disk.#": "1",
                            "boot_disk.0.auto_delete": "true",
                            "boot_disk.0.device_name": "persistent-disk-0",
                            "boot_disk.0.disk_encryption_key_raw": "",
                            "boot_disk.0.disk_encryption_key_sha256": "",
                            "boot_disk.0.initialize_params.#": "1",
                            "boot_disk.0.initialize_params.0.image": "https://www.googleapis.com/compute/v1/projects/ubuntu-os-cloud/global/images/ubuntu-1804-bionic-v20190628",
                            "boot_disk.0.initialize_params.0.size": "10",
                            "boot_disk.0.initialize_params.0.type": "pd-standard",
                            "boot_disk.0.kms_key_self_link": "",
                            "boot_disk.0.source": "https://www.googleapis.com/compute/v1/projects/eco-tenure-238419/zones/europe-west3-c/disks/minion-solt-0",
                            "can_ip_forward": "false",
                            "cpu_platform": "Intel Broadwell",
                            "deletion_protection": "false",
                            "guest_accelerator.#": "0",
                            "hostname": "",
                            "id": "minion-solt-0",
                            "instance_id": "8989941876488808805",
                            "label_fingerprint": "42WmSpB8rSM=",
                            "labels.%": "0",
                            "machine_type": "g1-small",
                            "metadata.%": "0",
                            "metadata_fingerprint": "JhMrFeTlteo=",
                            "metadata_startup_script": "#!/bin/bash\napt update\nsudo apt-get -y update\nsudo add-apt-repository ppa:jonathonf/python-3.6\nsudo apt-get -y update \nsudo apt-get -y install python 3.6\nsudo apt-get -y install salt-minion\nsudo mv /home/alianinho/minion /etc/salt\nsudo systemctl restart salt-minion\n\"}\n",
                            "min_cpu_platform": "",
                            "name": "minion-solt-0",
                            "network_interface.#": "1",
                            "network_interface.0.access_config.#": "1",
                            "network_interface.0.access_config.0.assigned_nat_ip": "",
                            "network_interface.0.access_config.0.nat_ip": "35.198.112.1",
                            "network_interface.0.access_config.0.network_tier": "PREMIUM",
                            "network_interface.0.access_config.0.public_ptr_domain_name": "",
                            "network_interface.0.address": "",
                            "network_interface.0.alias_ip_range.#": "0",
                            "network_interface.0.name": "nic0",
                            "network_interface.0.network": "https://www.googleapis.com/compute/v1/projects/eco-tenure-238419/global/networks/default",
                            "network_interface.0.network_ip": "10.156.0.50",
                            "network_interface.0.subnetwork": "https://www.googleapis.com/compute/v1/projects/eco-tenure-238419/regions/europe-west3/subnetworks/default",
                            "network_interface.0.subnetwork_project": "eco-tenure-238419",
                            "project": "eco-tenure-238419",
                            "scheduling.#": "1",
                            "scheduling.0.automatic_restart": "true",
                            "scheduling.0.node_affinities.#": "0",
                            "scheduling.0.on_host_maintenance": "MIGRATE",
                            "scheduling.0.preemptible": "false",
                            "scratch_disk.#": "0",
                            "self_link": "https://www.googleapis.com/compute/v1/projects/eco-tenure-238419/zones/europe-west3-c/instances/minion-solt-0",
                            "service_account.#": "0",
                            "shielded_instance_config.#": "0",
                            "tags.#": "0",
                            "tags_fingerprint": "42WmSpB8rSM=",
                            "zone": "europe-west3-c"
                        },
                        "meta": {
                            "e2bfb730-ecaa-11e6-8f88-34363bc7c4c0": {
                                "create": 1200000000000,
                                "delete": 1200000000000,
                                "update": 1200000000000
                            },
                            "schema_version": "6"
                        },
                        "tainted": false
                    },
                    "deposed": [],
                    "provider": "provider.google"
                },
                "google_compute_instance.minion-solt-.1": {
                    "type": "google_compute_instance",
                    "depends_on": [],
                    "primary": {
                        "id": "minion-solt-1",
                        "attributes": {
                            "attached_disk.#": "0",
                            "boot_disk.#": "1",
                            "boot_disk.0.auto_delete": "true",
                            "boot_disk.0.device_name": "persistent-disk-0",
                            "boot_disk.0.disk_encryption_key_raw": "",
                            "boot_disk.0.disk_encryption_key_sha256": "",
                            "boot_disk.0.initialize_params.#": "1",
                            "boot_disk.0.initialize_params.0.image": "https://www.googleapis.com/compute/v1/projects/ubuntu-os-cloud/global/images/ubuntu-1804-bionic-v20190628",
                            "boot_disk.0.initialize_params.0.size": "10",
                            "boot_disk.0.initialize_params.0.type": "pd-standard",
                            "boot_disk.0.kms_key_self_link": "",
                            "boot_disk.0.source": "https://www.googleapis.com/compute/v1/projects/eco-tenure-238419/zones/europe-west3-c/disks/minion-solt-1",
                            "can_ip_forward": "false",
                            "cpu_platform": "Intel Broadwell",
                            "deletion_protection": "false",
                            "guest_accelerator.#": "0",
                            "hostname": "",
                            "id": "minion-solt-1",
                            "instance_id": "998293746330511718",
                            "label_fingerprint": "42WmSpB8rSM=",
                            "labels.%": "0",
                            "machine_type": "g1-small",
                            "metadata.%": "0",
                            "metadata_fingerprint": "JhMrFeTlteo=",
                            "metadata_startup_script": "#!/bin/bash\napt update\nsudo apt-get -y update\nsudo add-apt-repository ppa:jonathonf/python-3.6\nsudo apt-get -y update \nsudo apt-get -y install python 3.6\nsudo apt-get -y install salt-minion\nsudo mv /home/alianinho/minion /etc/salt\nsudo systemctl restart salt-minion\n\"}\n",
                            "min_cpu_platform": "",
                            "name": "minion-solt-1",
                            "network_interface.#": "1",
                            "network_interface.0.access_config.#": "1",
                            "network_interface.0.access_config.0.assigned_nat_ip": "",
                            "network_interface.0.access_config.0.nat_ip": "35.246.218.8",
                            "network_interface.0.access_config.0.network_tier": "PREMIUM",
                            "network_interface.0.access_config.0.public_ptr_domain_name": "",
                            "network_interface.0.address": "",
                            "network_interface.0.alias_ip_range.#": "0",
                            "network_interface.0.name": "nic0",
                            "network_interface.0.network": "https://www.googleapis.com/compute/v1/projects/eco-tenure-238419/global/networks/default",
                            "network_interface.0.network_ip": "10.156.0.49",
                            "network_interface.0.subnetwork": "https://www.googleapis.com/compute/v1/projects/eco-tenure-238419/regions/europe-west3/subnetworks/default",
                            "network_interface.0.subnetwork_project": "eco-tenure-238419",
                            "project": "eco-tenure-238419",
                            "scheduling.#": "1",
                            "scheduling.0.automatic_restart": "true",
                            "scheduling.0.node_affinities.#": "0",
                            "scheduling.0.on_host_maintenance": "MIGRATE",
                            "scheduling.0.preemptible": "false",
                            "scratch_disk.#": "0",
                            "self_link": "https://www.googleapis.com/compute/v1/projects/eco-tenure-238419/zones/europe-west3-c/instances/minion-solt-1",
                            "service_account.#": "0",
                            "shielded_instance_config.#": "0",
                            "tags.#": "0",
                            "tags_fingerprint": "42WmSpB8rSM=",
                            "zone": "europe-west3-c"
                        },
                        "meta": {
                            "e2bfb730-ecaa-11e6-8f88-34363bc7c4c0": {
                                "create": 1200000000000,
                                "delete": 1200000000000,
                                "update": 1200000000000
                            },
                            "schema_version": "6"
                        },
                        "tainted": false
                    },
                    "deposed": [],
                    "provider": "provider.google"
                },
                "google_compute_instance.minion-solt-.2": {
                    "type": "google_compute_instance",
                    "depends_on": [],
                    "primary": {
                        "id": "minion-solt-2",
                        "attributes": {
                            "attached_disk.#": "0",
                            "boot_disk.#": "1",
                            "boot_disk.0.auto_delete": "true",
                            "boot_disk.0.device_name": "persistent-disk-0",
                            "boot_disk.0.disk_encryption_key_raw": "",
                            "boot_disk.0.disk_encryption_key_sha256": "",
                            "boot_disk.0.initialize_params.#": "1",
                            "boot_disk.0.initialize_params.0.image": "https://www.googleapis.com/compute/v1/projects/ubuntu-os-cloud/global/images/ubuntu-1804-bionic-v20190628",
                            "boot_disk.0.initialize_params.0.size": "10",
                            "boot_disk.0.initialize_params.0.type": "pd-standard",
                            "boot_disk.0.kms_key_self_link": "",
                            "boot_disk.0.source": "https://www.googleapis.com/compute/v1/projects/eco-tenure-238419/zones/europe-west3-c/disks/minion-solt-2",
                            "can_ip_forward": "false",
                            "cpu_platform": "Intel Broadwell",
                            "deletion_protection": "false",
                            "guest_accelerator.#": "0",
                            "hostname": "",
                            "id": "minion-solt-2",
                            "instance_id": "8466401056916908389",
                            "label_fingerprint": "42WmSpB8rSM=",
                            "labels.%": "0",
                            "machine_type": "g1-small",
                            "metadata.%": "0",
                            "metadata_fingerprint": "JhMrFeTlteo=",
                            "metadata_startup_script": "#!/bin/bash\napt update\nsudo apt-get -y update\nsudo add-apt-repository ppa:jonathonf/python-3.6\nsudo apt-get -y update \nsudo apt-get -y install python 3.6\nsudo apt-get -y install salt-minion\nsudo mv /home/alianinho/minion /etc/salt\nsudo systemctl restart salt-minion\n\"}\n",
                            "min_cpu_platform": "",
                            "name": "minion-solt-2",
                            "network_interface.#": "1",
                            "network_interface.0.access_config.#": "1",
                            "network_interface.0.access_config.0.assigned_nat_ip": "",
                            "network_interface.0.access_config.0.nat_ip": "35.242.209.18",
                            "network_interface.0.access_config.0.network_tier": "PREMIUM",
                            "network_interface.0.access_config.0.public_ptr_domain_name": "",
                            "network_interface.0.address": "",
                            "network_interface.0.alias_ip_range.#": "0",
                            "network_interface.0.name": "nic0",
                            "network_interface.0.network": "https://www.googleapis.com/compute/v1/projects/eco-tenure-238419/global/networks/default",
                            "network_interface.0.network_ip": "10.156.0.48",
                            "network_interface.0.subnetwork": "https://www.googleapis.com/compute/v1/projects/eco-tenure-238419/regions/europe-west3/subnetworks/default",
                            "network_interface.0.subnetwork_project": "eco-tenure-238419",
                            "project": "eco-tenure-238419",
                            "scheduling.#": "1",
                            "scheduling.0.automatic_restart": "true",
                            "scheduling.0.node_affinities.#": "0",
                            "scheduling.0.on_host_maintenance": "MIGRATE",
                            "scheduling.0.preemptible": "false",
                            "scratch_disk.#": "0",
                            "self_link": "https://www.googleapis.com/compute/v1/projects/eco-tenure-238419/zones/europe-west3-c/instances/minion-solt-2",
                            "service_account.#": "0",
                            "shielded_instance_config.#": "0",
                            "tags.#": "0",
                            "tags_fingerprint": "42WmSpB8rSM=",
                            "zone": "europe-west3-c"
                        },
                        "meta": {
                            "e2bfb730-ecaa-11e6-8f88-34363bc7c4c0": {
                                "create": 1200000000000,
                                "delete": 1200000000000,
                                "update": 1200000000000
                            },
                            "schema_version": "6"
                        },
                        "tainted": false
                    },
                    "deposed": [],
                    "provider": "provider.google"
                },
                "google_compute_project_metadata_item.default": {
                    "type": "google_compute_project_metadata_item",
                    "depends_on": [],
                    "primary": {
                        "id": "sshKeys",
                        "attributes": {
                            "id": "sshKeys",
                            "key": "sshKeys",
                            "value": "alianinho:ssh-rsa AAAAB3NzaC1yc2EAAAADAQABAAABAQDfEzlZqjAo85EK/nmcQgfDMaT4CUnC6a3GFpmNsuaDXRkVSboEto/Prj4s1nFG0NQT6xHSK7OF+RVYmPVlonq/N5VWDnxizAkCfsYUtFRAuOt9/HzMgxj5/iP7E3XmncUWeBhNrqUV0apJTu7itss+Yuv9+SeyzOGa7b/FhRoAzvS/UYz3t0GiT3a++spDhdRDQ6UOF+r1Zl735INcqh4GsCZjBNlAEjKIFiCy41VMMbG9nwnBgoUOREDp5JqqYqASG04uRK84nMQqw/+Ltgq5N2MoTJnbdYtCkmBYpm3+n7xPMLDznFcXpSwKsi6YJcq6v94idx9ILyYhHxyDtFuH alianinho\n"
                        },
                        "meta": {
                            "e2bfb730-ecaa-11e6-8f88-34363bc7c4c0": {
                                "create": 300000000000,
                                "delete": 300000000000,
                                "update": 300000000000
                            }
                        },
                        "tainted": false
                    },
                    "deposed": [],
                    "provider": "provider.google"
                }
            },
            "depends_on": []
        }
    ]
}
